{
  "object": {
    "pins": [
      {
        "package": "RDError",
        "repositoryURL": "git@github.com:drrost/swift-error.git",
        "state": {
          "branch": null,
          "revision": "61318ea81c07383188da9f05b2537587066dfd1f",
          "version": "1.0.1"
        }
      },
      {
        "package": "ExtensionsFoundation",
        "repositoryURL": "git@github.com:drrost/swift-extensions-foundation.git",
        "state": {
          "branch": null,
          "revision": "8f7011473f24167c9cd49a39eb4f0ec734d23dd6",
          "version": "1.0.4"
        }
      }
    ]
  },
  "version": 1
}
