{
  "object": {
    "pins": [
      {
        "package": "RDError",
        "repositoryURL": "git@github.com:drrost/swift-error.git",
        "state": {
          "branch": null,
          "revision": "093f2e8a484b601b119add0c0798e4ab190fbf1a",
          "version": "1.0.4"
        }
      },
      {
        "package": "ExtensionsFoundation",
        "repositoryURL": "git@github.com:drrost/swift-extensions-foundation.git",
        "state": {
          "branch": null,
          "revision": "2528f3df64917df4a0fd6c107c64f08294b5133a",
          "version": "1.1.3"
        }
      }
    ]
  },
  "version": 1
}
