{
  "object": {
    "pins": [
      {
        "package": "RDError",
        "repositoryURL": "git@github.com:drrost/swift-error.git",
        "state": {
          "branch": null,
          "revision": "093f2e8a484b601b119add0c0798e4ab190fbf1a",
          "version": "1.0.4"
        }
      },
      {
        "package": "ExtensionsFoundation",
        "repositoryURL": "git@github.com:drrost/swift-extensions-foundation.git",
        "state": {
          "branch": null,
          "revision": "3998f504b352c2ee4510a2233e70d4dfcf295b77",
          "version": "1.1.1"
        }
      }
    ]
  },
  "version": 1
}
